
Microsoft Visual Studio Solution File, Format Version 12.00
# Visual Studio Version 17
VisualStudioVersion = 17.10.34607.79
MinimumVisualStudioVersion = 10.0.40219.1
Project("{9A19103F-16F7-4668-BE54-9A1E7A4F7556}") = "E-Commerce-Skinet.WebAPI", "AccessOperationTeam\E-Commerce-Skinet.WebAPI.csproj", "{602A8EAE-8E77-4E4B-A5C8-C06FC488026C}"
EndProject
Project("{9A19103F-16F7-4668-BE54-9A1E7A4F7556}") = "E-Commerce-Skinet.Core", "AccessOperationTeam.Core\E-Commerce-Skinet.Core.csproj", "{D80AF063-EF05-4FE4-BC3D-AAD31CD730B5}"
EndProject
Project("{9A19103F-16F7-4668-BE54-9A1E7A4F7556}") = "E-Commerce-Skinet.Infrastructure", "AccessOperationTeam.Infrastructure\E-Commerce-Skinet.Infrastructure.csproj", "{2916A673-F42C-4670-9400-9BC0AFC94DD5}"
EndProject
Global
	GlobalSection(SolutionConfigurationPlatforms) = preSolution
		Debug|Any CPU = Debug|Any CPU
		Release|Any CPU = Release|Any CPU
	EndGlobalSection
	GlobalSection(ProjectConfigurationPlatforms) = postSolution
		{602A8EAE-8E77-4E4B-A5C8-C06FC488026C}.Debug|Any CPU.ActiveCfg = Debug|Any CPU
		{602A8EAE-8E77-4E4B-A5C8-C06FC488026C}.Debug|Any CPU.Build.0 = Debug|Any CPU
		{602A8EAE-8E77-4E4B-A5C8-C06FC488026C}.Release|Any CPU.ActiveCfg = Release|Any CPU
		{602A8EAE-8E77-4E4B-A5C8-C06FC488026C}.Release|Any CPU.Build.0 = Release|Any CPU
		{D80AF063-EF05-4FE4-BC3D-AAD31CD730B5}.Debug|Any CPU.ActiveCfg = Debug|Any CPU
		{D80AF063-EF05-4FE4-BC3D-AAD31CD730B5}.Debug|Any CPU.Build.0 = Debug|Any CPU
		{D80AF063-EF05-4FE4-BC3D-AAD31CD730B5}.Release|Any CPU.ActiveCfg = Release|Any CPU
		{D80AF063-EF05-4FE4-BC3D-AAD31CD730B5}.Release|Any CPU.Build.0 = Release|Any CPU
		{2916A673-F42C-4670-9400-9BC0AFC94DD5}.Debug|Any CPU.ActiveCfg = Debug|Any CPU
		{2916A673-F42C-4670-9400-9BC0AFC94DD5}.Debug|Any CPU.Build.0 = Debug|Any CPU
		{2916A673-F42C-4670-9400-9BC0AFC94DD5}.Release|Any CPU.ActiveCfg = Release|Any CPU
		{2916A673-F42C-4670-9400-9BC0AFC94DD5}.Release|Any CPU.Build.0 = Release|Any CPU
	EndGlobalSection
	GlobalSection(SolutionProperties) = preSolution
		HideSolutionNode = FALSE
	EndGlobalSection
	GlobalSection(ExtensibilityGlobals) = postSolution
		SolutionGuid = {8187B604-2D1F-48DE-8ADE-22B508620859}
	EndGlobalSection
EndGlobal
