
Microsoft Visual Studio Solution File, Format Version 12.00
# Visual Studio Version 17
VisualStudioVersion = 17.10.34607.79
MinimumVisualStudioVersion = 10.0.40219.1
Project("{9A19103F-16F7-4668-BE54-9A1E7A4F7556}") = "E-Commerce-Skinet.WebAPI", "SkiNet\E-Commerce-Skinet.WebAPI.csproj", "{96BCD590-B6B8-49DB-B505-92FBD489A597}"
EndProject
Project("{9A19103F-16F7-4668-BE54-9A1E7A4F7556}") = "E-Commerce-Skinet.Core", "SkiNet.Core\E-Commerce-Skinet.Core.csproj", "{37BD1471-8590-49F3-8621-E2D985AD35EA}"
EndProject
Project("{9A19103F-16F7-4668-BE54-9A1E7A4F7556}") = "E-Commerce-Skinet.Infrastructure", "SkiNet.Infrastructure\E-Commerce-Skinet.Infrastructure.csproj", "{0BC31985-0255-497E-9A6A-A9F323174426}"
EndProject
Global
	GlobalSection(SolutionConfigurationPlatforms) = preSolution
		Debug|Any CPU = Debug|Any CPU
		Release|Any CPU = Release|Any CPU
	EndGlobalSection
	GlobalSection(ProjectConfigurationPlatforms) = postSolution
		{96BCD590-B6B8-49DB-B505-92FBD489A597}.Debug|Any CPU.ActiveCfg = Debug|Any CPU
		{96BCD590-B6B8-49DB-B505-92FBD489A597}.Debug|Any CPU.Build.0 = Debug|Any CPU
		{96BCD590-B6B8-49DB-B505-92FBD489A597}.Release|Any CPU.ActiveCfg = Release|Any CPU
		{96BCD590-B6B8-49DB-B505-92FBD489A597}.Release|Any CPU.Build.0 = Release|Any CPU
		{37BD1471-8590-49F3-8621-E2D985AD35EA}.Debug|Any CPU.ActiveCfg = Debug|Any CPU
		{37BD1471-8590-49F3-8621-E2D985AD35EA}.Debug|Any CPU.Build.0 = Debug|Any CPU
		{37BD1471-8590-49F3-8621-E2D985AD35EA}.Release|Any CPU.ActiveCfg = Release|Any CPU
		{37BD1471-8590-49F3-8621-E2D985AD35EA}.Release|Any CPU.Build.0 = Release|Any CPU
		{0BC31985-0255-497E-9A6A-A9F323174426}.Debug|Any CPU.ActiveCfg = Debug|Any CPU
		{0BC31985-0255-497E-9A6A-A9F323174426}.Debug|Any CPU.Build.0 = Debug|Any CPU
		{0BC31985-0255-497E-9A6A-A9F323174426}.Release|Any CPU.ActiveCfg = Release|Any CPU
		{0BC31985-0255-497E-9A6A-A9F323174426}.Release|Any CPU.Build.0 = Release|Any CPU
	EndGlobalSection
	GlobalSection(SolutionProperties) = preSolution
		HideSolutionNode = FALSE
	EndGlobalSection
	GlobalSection(ExtensibilityGlobals) = postSolution
		SolutionGuid = {8187B604-2D1F-48DE-8ADE-22B508620859}
	EndGlobalSection
EndGlobal
